{
  "name": "evopilot",
  "version": "0.1.0",
  "lockfileVersion": 3,
  "requires": true,
  "packages": {
    "": {
      "name": "evopilot",
      "version": "0.1.0",
      "license": "Apache-2.0",
      "workspaces": [
        "packages/*"
      ],
      "devDependencies": {
        "@types/node": "^22.0.0",
        "typescript": "^5.6.0"
      }
    },
    "node_modules/@evopilot/adapter-ci": {
      "resolved": "packages/adapter-ci",
      "link": true
    },
    "node_modules/@evopilot/adapter-github": {
      "resolved": "packages/adapter-github",
      "link": true
    },
    "node_modules/@evopilot/adapter-gitlab": {
      "resolved": "packages/adapter-gitlab",
      "link": true
    },
    "node_modules/@evopilot/adapter-jenkins": {
      "resolved": "packages/adapter-jenkins",
      "link": true
    },
    "node_modules/@evopilot/adapter-local-git": {
      "resolved": "packages/adapter-local-git",
      "link": true
    },
    "node_modules/@evopilot/adapter-mcp": {
      "resolved": "packages/adapter-mcp",
      "link": true
    },
    "node_modules/@evopilot/adapter-openhands": {
      "resolved": "packages/adapter-openhands",
      "link": true
    },
    "node_modules/@evopilot/core": {
      "resolved": "packages/core",
      "link": true
    },
    "node_modules/@evopilot/llm": {
      "resolved": "packages/llm",
      "link": true
    },
    "node_modules/@evopilot/profile-domainforge-fabric": {
      "resolved": "packages/profile-domainforge-fabric",
      "link": true
    },
    "node_modules/@evopilot/server": {
      "resolved": "packages/server",
      "link": true
    },
    "node_modules/@types/node": {
      "version": "22.19.19",
      "resolved": "https://registry.npmjs.org/@types/node/-/node-22.19.19.tgz",
      "integrity": "sha512-dyh/xO2Fh5bYrfWaaqGrRQQGkNdmYw6AmaAUvYeUMNTWQtvb796ikLdmTchRmOlOiIJ1TDXfWgVx1QkUlQ6Hew==",
      "dev": true,
      "license": "MIT",
      "dependencies": {
        "undici-types": "~6.21.0"
      }
    },
    "node_modules/typescript": {
      "version": "5.9.3",
      "resolved": "https://registry.npmjs.org/typescript/-/typescript-5.9.3.tgz",
      "integrity": "sha512-jl1vZzPDinLr9eUt3J/t7V6FgNEw9QjvBPdysz9KfQDD41fQrC2Y4vKQdiaUpFT4bXlb1RHhLpp8wtm6M5TgSw==",
      "dev": true,
      "license": "Apache-2.0",
      "bin": {
        "tsc": "bin/tsc",
        "tsserver": "bin/tsserver"
      },
      "engines": {
        "node": ">=14.17"
      }
    },
    "node_modules/undici-types": {
      "version": "6.21.0",
      "resolved": "https://registry.npmjs.org/undici-types/-/undici-types-6.21.0.tgz",
      "integrity": "sha512-iwDZqg0QAGrg9Rav5H4n0M64c3mkR59cJ6wQp+7C4nI0gsmExaedaYLNO44eT4AtBBwjbTiGPMlt2Md0T9H9JQ==",
      "dev": true,
      "license": "MIT"
    },
    "packages/adapter-ci": {
      "name": "@evopilot/adapter-ci",
      "version": "0.1.0",
      "devDependencies": {
        "@types/node": "^22.0.0",
        "typescript": "^5.6.0"
      }
    },
    "packages/adapter-github": {
      "name": "@evopilot/adapter-github",
      "version": "0.1.0",
      "devDependencies": {
        "typescript": "^5.6.0"
      }
    },
    "packages/adapter-gitlab": {
      "name": "@evopilot/adapter-gitlab",
      "version": "0.1.0",
      "devDependencies": {
        "typescript": "^5.6.0"
      }
    },
    "packages/adapter-jenkins": {
      "name": "@evopilot/adapter-jenkins",
      "version": "0.1.0",
      "devDependencies": {
        "typescript": "^5.6.0"
      }
    },
    "packages/adapter-local-git": {
      "name": "@evopilot/adapter-local-git",
      "version": "0.1.0",
      "devDependencies": {
        "@types/node": "^22.0.0",
        "typescript": "^5.6.0"
      }
    },
    "packages/adapter-mcp": {
      "name": "@evopilot/adapter-mcp",
      "version": "0.1.0",
      "devDependencies": {
        "typescript": "^5.6.0"
      }
    },
    "packages/adapter-openhands": {
      "name": "@evopilot/adapter-openhands",
      "version": "0.1.0",
      "devDependencies": {
        "typescript": "^5.6.0"
      }
    },
    "packages/core": {
      "name": "@evopilot/core",
      "version": "0.1.0",
      "devDependencies": {
        "typescript": "^5.6.0"
      }
    },
    "packages/llm": {
      "name": "@evopilot/llm",
      "version": "0.1.0",
      "devDependencies": {
        "@types/node": "^22.0.0",
        "typescript": "^5.6.0"
      }
    },
    "packages/profile-domainforge-fabric": {
      "name": "@evopilot/profile-domainforge-fabric",
      "version": "0.1.0",
      "dependencies": {
        "@evopilot/core": "0.1.0"
      },
      "devDependencies": {
        "typescript": "^5.6.0"
      }
    },
    "packages/server": {
      "name": "@evopilot/server",
      "version": "0.1.0",
      "dependencies": {
        "@evopilot/adapter-github": "0.1.0",
        "@evopilot/adapter-gitlab": "0.1.0",
        "@evopilot/adapter-jenkins": "0.1.0",
        "@evopilot/adapter-local-git": "0.1.0",
        "@evopilot/adapter-openhands": "0.1.0",
        "@evopilot/core": "0.1.0",
        "@evopilot/llm": "0.1.0",
        "@evopilot/profile-domainforge-fabric": "0.1.0"
      },
      "devDependencies": {
        "@types/node": "^22.0.0",
        "typescript": "^5.6.0"
      }
    }
  }
}
